
Microsoft Visual Studio Solution File, Format Version 12.00
# Visual Studio 14
VisualStudioVersion = 14.0.25420.1
MinimumVisualStudioVersion = 10.0.40219.1
Project("{8BC9CEB8-8B4A-11D0-8D11-00A0C91BC942}") = "SADXPhysicsSwapMod", "SADXPhysicsSwapMod\SADXPhysicsSwapMod.vcxproj", "{45FB965A-F83E-4B4E-A53B-44F1DB206F6A}"
	ProjectSection(ProjectDependencies) = postProject
		{EC0293F5-4BCF-46B2-8133-18CAEA141C5B} = {EC0293F5-4BCF-46B2-8133-18CAEA141C5B}
	EndProjectSection
EndProject
Project("{8BC9CEB8-8B4A-11D0-8D11-00A0C91BC942}") = "ModLoaderCommon", "mod-loader-common\ModLoaderCommon\ModLoaderCommon.vcxproj", "{EC0293F5-4BCF-46B2-8133-18CAEA141C5B}"
EndProject
Global
	GlobalSection(SolutionConfigurationPlatforms) = preSolution
		Debug|x64 = Debug|x64
		Debug|x86 = Debug|x86
		Release|x64 = Release|x64
		Release|x86 = Release|x86
	EndGlobalSection
	GlobalSection(ProjectConfigurationPlatforms) = postSolution
		{45FB965A-F83E-4B4E-A53B-44F1DB206F6A}.Debug|x64.ActiveCfg = Debug|x64
		{45FB965A-F83E-4B4E-A53B-44F1DB206F6A}.Debug|x64.Build.0 = Debug|x64
		{45FB965A-F83E-4B4E-A53B-44F1DB206F6A}.Debug|x86.ActiveCfg = Debug|Win32
		{45FB965A-F83E-4B4E-A53B-44F1DB206F6A}.Debug|x86.Build.0 = Debug|Win32
		{45FB965A-F83E-4B4E-A53B-44F1DB206F6A}.Release|x64.ActiveCfg = Release|x64
		{45FB965A-F83E-4B4E-A53B-44F1DB206F6A}.Release|x64.Build.0 = Release|x64
		{45FB965A-F83E-4B4E-A53B-44F1DB206F6A}.Release|x86.ActiveCfg = Release|Win32
		{45FB965A-F83E-4B4E-A53B-44F1DB206F6A}.Release|x86.Build.0 = Release|Win32
		{EC0293F5-4BCF-46B2-8133-18CAEA141C5B}.Debug|x64.ActiveCfg = Debug|Win32
		{EC0293F5-4BCF-46B2-8133-18CAEA141C5B}.Debug|x86.ActiveCfg = Debug|Win32
		{EC0293F5-4BCF-46B2-8133-18CAEA141C5B}.Debug|x86.Build.0 = Debug|Win32
		{EC0293F5-4BCF-46B2-8133-18CAEA141C5B}.Release|x64.ActiveCfg = Release|Win32
		{EC0293F5-4BCF-46B2-8133-18CAEA141C5B}.Release|x86.ActiveCfg = Release|Win32
		{EC0293F5-4BCF-46B2-8133-18CAEA141C5B}.Release|x86.Build.0 = Release|Win32
	EndGlobalSection
	GlobalSection(SolutionProperties) = preSolution
		HideSolutionNode = FALSE
	EndGlobalSection
EndGlobal
